
Microsoft Visual Studio Solution File, Format Version 11.00
# Visual Studio 2010
Project("{FAE04EC0-301F-11D3-BF4B-00C04F79EFBC}") = "NewKingdom", "Assembly-CSharp.csproj", "{6CF201AB-506F-EF67-CB9A-7ECC2B8C434C}"
EndProject
Global
	GlobalSection(SolutionConfigurationPlatforms) = preSolution
		Debug|Any CPU = Debug|Any CPU
		Release|Any CPU = Release|Any CPU
	EndGlobalSection
	GlobalSection(ProjectConfigurationPlatforms) = postSolution
		{6CF201AB-506F-EF67-CB9A-7ECC2B8C434C}.Debug|Any CPU.ActiveCfg = Debug|Any CPU
		{6CF201AB-506F-EF67-CB9A-7ECC2B8C434C}.Debug|Any CPU.Build.0 = Debug|Any CPU
		{6CF201AB-506F-EF67-CB9A-7ECC2B8C434C}.Release|Any CPU.ActiveCfg = Release|Any CPU
		{6CF201AB-506F-EF67-CB9A-7ECC2B8C434C}.Release|Any CPU.Build.0 = Release|Any CPU
	EndGlobalSection
	GlobalSection(SolutionProperties) = preSolution
		HideSolutionNode = FALSE
	EndGlobalSection
	GlobalSection(MonoDevelopProperties) = preSolution
		StartupItem = Assembly-CSharp.csproj
	EndGlobalSection
EndGlobal
